
Microsoft Visual Studio Solution File, Format Version 12.00
# Visual Studio Version 16
VisualStudioVersion = 16.0.30907.101
MinimumVisualStudioVersion = 10.0.40219.1
Project("{FAE04EC0-301F-11D3-BF4B-00C04F79EFBC}") = "SalesWebMvc", "SalesWebMvc\SalesWebMvc.csproj", "{519314DC-56BB-49D2-841E-2DFF51620102}"
EndProject
Global
	GlobalSection(SolutionConfigurationPlatforms) = preSolution
		Debug|Any CPU = Debug|Any CPU
		Release|Any CPU = Release|Any CPU
	EndGlobalSection
	GlobalSection(ProjectConfigurationPlatforms) = postSolution
		{519314DC-56BB-49D2-841E-2DFF51620102}.Debug|Any CPU.ActiveCfg = Debug|Any CPU
		{519314DC-56BB-49D2-841E-2DFF51620102}.Debug|Any CPU.Build.0 = Debug|Any CPU
		{519314DC-56BB-49D2-841E-2DFF51620102}.Release|Any CPU.ActiveCfg = Release|Any CPU
		{519314DC-56BB-49D2-841E-2DFF51620102}.Release|Any CPU.Build.0 = Release|Any CPU
	EndGlobalSection
	GlobalSection(SolutionProperties) = preSolution
		HideSolutionNode = FALSE
	EndGlobalSection
	GlobalSection(ExtensibilityGlobals) = postSolution
		SolutionGuid = {3373997F-0AEA-4D70-9DEE-622ABFB5705E}
	EndGlobalSection
EndGlobal
